<?xml version="1.0" encoding="utf-8"?>
<Project ToolsVersion="4.0" xmlns="http://schemas.microsoft.com/developer/msbuild/2003">
  <ItemGroup>
    <Filter Include="Source Files">
      <UniqueIdentifier>{eee151ae-e6aa-47a8-a7a0-e6d8a5d88126}</UniqueIdentifier>
      <Extensions>cpp;c;cxx;rc;def;r;odl;idl;hpj;bat</Extensions>
    </Filter>
    <Filter Include="Header Files">
      <UniqueIdentifier>{ee316d09-f42d-486a-be8c-759698c547b3}</UniqueIdentifier>
      <Extensions>h;hpp;hxx;hm;inl</Extensions>
    </Filter>
    <Filter Include="Resource Files">
      <UniqueIdentifier>{c9782f9b-a253-4269-bbeb-3b950652ec19}</UniqueIdentifier>
      <Extensions>ico;cur;bmp;dlg;rc2;rct;bin;rgs;gif;jpg;jpeg;jpe</Extensions>
    </Filter>
  </ItemGroup>
  <ItemGroup>
    <ClCompile Include="src\anchillary.c">
      <Filter>Source Files</Filter>
    </ClCompile>
    <ClCompile Include="src\com_player.c">
      <Filter>Source Files</Filter>
    </ClCompile>
    <ClCompile Include="src\entry_point.c">
      <Filter>Source Files</Filter>
    </ClCompile>
    <ClCompile Include="src\mode_obliterate.c">
      <Filter>Source Files</Filter>
    </ClCompile>
    <ClCompile Include="src\mode_random.c">
      <Filter>Source Files</Filter>
    </ClCompile>
    <ClCompile Include="src\res_strings.c">
      <Filter>Source Files</Filter>
    </ClCompile>
  </ItemGroup>
  <ItemGroup>
    <ResourceCompile Include="src\board.rc">
      <Filter>Source Files</Filter>
    </ResourceCompile>
  </ItemGroup>
  <ItemGroup>
    <ClInclude Include="include\com_player.h">
      <Filter>Header Files</Filter>
    </ClInclude>
    <ClInclude Include="include\game_defs.h">
      <Filter>Header Files</Filter>
    </ClInclude>
    <ClInclude Include="include\globals.h">
      <Filter>Header Files</Filter>
    </ClInclude>
    <ClInclude Include="include\mode_obliterate.h">
      <Filter>Header Files</Filter>
    </ClInclude>
    <ClInclude Include="include\mode_random.h">
      <Filter>Header Files</Filter>
    </ClInclude>
    <ClInclude Include="include\os.h">
      <Filter>Header Files</Filter>
    </ClInclude>
  </ItemGroup>
  <ItemGroup>
    <Image Include="src\ttticon.ico">
      <Filter>Resource Files</Filter>
    </Image>
  </ItemGroup>
  <ItemGroup>
    <None Include="README.md">
      <Filter>Header Files</Filter>
    </None>
  </ItemGroup>
</Project>